
Microsoft Visual Studio Solution File, Format Version 12.00
# Visual Studio Version 16
VisualStudioVersion = 16.0.32510.428
MinimumVisualStudioVersion = 10.0.40219.1
Project("{FAE04EC0-301F-11D3-BF4B-00C04F79EFBC}") = "Chessmen", "Chessmen\Chessmen.csproj", "{73CF3AFB-C1F3-41A8-A767-6FE261B4258F}"
EndProject
Project("{FAE04EC0-301F-11D3-BF4B-00C04F79EFBC}") = "ChessmenCore", "ChessmenCore\ChessmenCore.csproj", "{88425A03-6BA5-4899-90FC-6773C5EEA7E7}"
EndProject
Global
	GlobalSection(SolutionConfigurationPlatforms) = preSolution
		Debug|Any CPU = Debug|Any CPU
		Release|Any CPU = Release|Any CPU
	EndGlobalSection
	GlobalSection(ProjectConfigurationPlatforms) = postSolution
		{73CF3AFB-C1F3-41A8-A767-6FE261B4258F}.Debug|Any CPU.ActiveCfg = Debug|Any CPU
		{73CF3AFB-C1F3-41A8-A767-6FE261B4258F}.Debug|Any CPU.Build.0 = Debug|Any CPU
		{73CF3AFB-C1F3-41A8-A767-6FE261B4258F}.Release|Any CPU.ActiveCfg = Release|Any CPU
		{73CF3AFB-C1F3-41A8-A767-6FE261B4258F}.Release|Any CPU.Build.0 = Release|Any CPU
		{88425A03-6BA5-4899-90FC-6773C5EEA7E7}.Debug|Any CPU.ActiveCfg = Debug|Any CPU
		{88425A03-6BA5-4899-90FC-6773C5EEA7E7}.Debug|Any CPU.Build.0 = Debug|Any CPU
		{88425A03-6BA5-4899-90FC-6773C5EEA7E7}.Release|Any CPU.ActiveCfg = Release|Any CPU
		{88425A03-6BA5-4899-90FC-6773C5EEA7E7}.Release|Any CPU.Build.0 = Release|Any CPU
	EndGlobalSection
	GlobalSection(SolutionProperties) = preSolution
		HideSolutionNode = FALSE
	EndGlobalSection
	GlobalSection(ExtensibilityGlobals) = postSolution
		SolutionGuid = {28FE2898-62B7-4A5B-84BC-8DFA5B49EAB8}
	EndGlobalSection
EndGlobal
